
Microsoft Visual Studio Solution File, Format Version 12.00
# Visual Studio Version 16
VisualStudioVersion = 16.0.31205.134
MinimumVisualStudioVersion = 10.0.40219.1
Project("{FAE04EC0-301F-11D3-BF4B-00C04F79EFBC}") = "ReportWizardTest", "ReportWizardTest\ReportWizardTest.csproj", "{8B00BFA9-1D46-40C7-BC31-C26AA2A6232C}"
EndProject
Global
	GlobalSection(SolutionConfigurationPlatforms) = preSolution
		Debug|Any CPU = Debug|Any CPU
		Release|Any CPU = Release|Any CPU
	EndGlobalSection
	GlobalSection(ProjectConfigurationPlatforms) = postSolution
		{8B00BFA9-1D46-40C7-BC31-C26AA2A6232C}.Debug|Any CPU.ActiveCfg = Debug|Any CPU
		{8B00BFA9-1D46-40C7-BC31-C26AA2A6232C}.Debug|Any CPU.Build.0 = Debug|Any CPU
		{8B00BFA9-1D46-40C7-BC31-C26AA2A6232C}.Release|Any CPU.ActiveCfg = Release|Any CPU
		{8B00BFA9-1D46-40C7-BC31-C26AA2A6232C}.Release|Any CPU.Build.0 = Release|Any CPU
	EndGlobalSection
	GlobalSection(SolutionProperties) = preSolution
		HideSolutionNode = FALSE
	EndGlobalSection
	GlobalSection(ExtensibilityGlobals) = postSolution
		SolutionGuid = {7448E413-C455-4457-97BC-D5D7E59ED434}
	EndGlobalSection
EndGlobal
